
Microsoft Visual Studio Solution File, Format Version 12.00
# Visual Studio Version 16
VisualStudioVersion = 16.0.30011.22
MinimumVisualStudioVersion = 10.0.40219.1
Project("{FAE04EC0-301F-11D3-BF4B-00C04F79EFBC}") = "CarePlant", "Library\CarePlant.csproj", "{AAAF7A97-D464-452F-9BB2-5D8D117FF802}"
EndProject
Global
	GlobalSection(SolutionConfigurationPlatforms) = preSolution
		Debug|Any CPU = Debug|Any CPU
		Release|Any CPU = Release|Any CPU
	EndGlobalSection
	GlobalSection(ProjectConfigurationPlatforms) = postSolution
		{AAAF7A97-D464-452F-9BB2-5D8D117FF802}.Debug|Any CPU.ActiveCfg = Debug|Any CPU
		{AAAF7A97-D464-452F-9BB2-5D8D117FF802}.Debug|Any CPU.Build.0 = Debug|Any CPU
		{AAAF7A97-D464-452F-9BB2-5D8D117FF802}.Release|Any CPU.ActiveCfg = Release|Any CPU
		{AAAF7A97-D464-452F-9BB2-5D8D117FF802}.Release|Any CPU.Build.0 = Release|Any CPU
	EndGlobalSection
	GlobalSection(SolutionProperties) = preSolution
		HideSolutionNode = FALSE
	EndGlobalSection
	GlobalSection(ExtensibilityGlobals) = postSolution
		SolutionGuid = {509CED10-B79A-4B56-8138-76B694CD6A20}
	EndGlobalSection
EndGlobal
